
Microsoft Visual Studio Solution File, Format Version 12.00
# Visual Studio Version 17
VisualStudioVersion = 17.0.31808.319
MinimumVisualStudioVersion = 10.0.40219.1
Project("{8BC9CEB8-8B4A-11D0-8D11-00A0C91BC942}") = "BankAccount", "BankAccount.vcxproj", "{BED46AFD-B6EE-4229-9B68-FD576B3DA31A}"
EndProject
Global
	GlobalSection(SolutionConfigurationPlatforms) = preSolution
		Debug|x64 = Debug|x64
		Debug|x86 = Debug|x86
		Release|x64 = Release|x64
		Release|x86 = Release|x86
	EndGlobalSection
	GlobalSection(ProjectConfigurationPlatforms) = postSolution
		{BED46AFD-B6EE-4229-9B68-FD576B3DA31A}.Debug|x64.ActiveCfg = Debug|x64
		{BED46AFD-B6EE-4229-9B68-FD576B3DA31A}.Debug|x64.Build.0 = Debug|x64
		{BED46AFD-B6EE-4229-9B68-FD576B3DA31A}.Debug|x86.ActiveCfg = Debug|Win32
		{BED46AFD-B6EE-4229-9B68-FD576B3DA31A}.Debug|x86.Build.0 = Debug|Win32
		{BED46AFD-B6EE-4229-9B68-FD576B3DA31A}.Release|x64.ActiveCfg = Release|x64
		{BED46AFD-B6EE-4229-9B68-FD576B3DA31A}.Release|x64.Build.0 = Release|x64
		{BED46AFD-B6EE-4229-9B68-FD576B3DA31A}.Release|x86.ActiveCfg = Release|Win32
		{BED46AFD-B6EE-4229-9B68-FD576B3DA31A}.Release|x86.Build.0 = Release|Win32
	EndGlobalSection
	GlobalSection(SolutionProperties) = preSolution
		HideSolutionNode = FALSE
	EndGlobalSection
	GlobalSection(ExtensibilityGlobals) = postSolution
		SolutionGuid = {DDE6D191-92C5-4E0D-BA0B-BBA018FA0CB4}
	EndGlobalSection
EndGlobal
